lockfileVersion: '6.0'

settings:
  autoInstallPeers: true
  excludeLinksFromLockfile: false

dependencies:
  dayjs:
    specifier: ^1.11.5
    version: 1.11.11
  three:
    specifier: ^0.145.0
    version: 0.145.0

devDependencies:
  '@types/three':
    specifier: ^0.144.0
    version: 0.144.0
  three-perf:
    specifier: ^1.0.10
    version: 1.0.10(three@0.145.0)

packages:

  /@types/three@0.144.0:
    resolution: {integrity: sha512-psvEs6q5rLN50jUYZ3D4pZMfxTbdt3A243blt0my7/NcL6chaCZpHe2csbCtx0SOD9fI/XnF3wnVUAYZGqCSYg==}
    dependencies:
      '@types/webxr': 0.5.19
    dev: true

  /@types/webxr@0.5.19:
    resolution: {integrity: sha512-4hxA+NwohSgImdTSlPXEqDqqFktNgmTXQ05ff1uWam05tNGroCMp4G+4XVl6qWm1p7GQ/9oD41kAYsSssF6Mzw==}
    dev: true

  /bidi-js@1.0.3:
    resolution: {integrity: sha512-RKshQI1R3YQ+n9YJz2QQ147P66ELpa1FQEg20Dk8oW9t2KgLbpDLLp9aGZ7y8WHSshDknG0bknqGw5/tyCs5tw==}
    dependencies:
      require-from-string: 2.0.2
    dev: true

  /dayjs@1.11.11:
    resolution: {integrity: sha512-okzr3f11N6WuqYtZSvm+F776mB41wRZMhKP+hc34YdW+KmtYYK9iqvHSwo2k9FEH3fhGXvOPV6yz2IcSrfRUDg==}
    dev: false

  /require-from-string@2.0.2:
    resolution: {integrity: sha512-Xf0nWe6RseziFMu+Ap9biiUbmplq6S9/p+7w7YXP/JBHhrUDDUhwa+vANyubuqfZWTveU//DYVGsDG7RKL/vEw==}
    engines: {node: '>=0.10.0'}
    dev: true

  /three-perf@1.0.10(three@0.145.0):
    resolution: {integrity: sha512-lCur/i8U6m0ysWYhQ1yFGWOZB0QA2oVsDsfynYd65HhXxLxJfiAt8OsXmpv9PnTLacfaZclBcZHUOB9QKk3eaw==}
    peerDependencies:
      three: '>=0.151'
    dependencies:
      three: 0.145.0
      troika-three-text: 0.47.2(three@0.145.0)
      tweakpane: 3.1.10
    dev: true

  /three@0.145.0:
    resolution: {integrity: sha512-EKoHQEtEJ4CB6b2BGMBgLZrfwLjXcSUfoI/MiIXUuRpeYsfK5aPWbYhdtIVWOH+x6X0TouldHKHBuc/LAiFzAw==}

  /troika-three-text@0.47.2(three@0.145.0):
    resolution: {integrity: sha512-qylT0F+U7xGs+/PEf3ujBdJMYWbn0Qci0kLqI5BJG2kW1wdg4T1XSxneypnF05DxFqJhEzuaOR9S2SjiyknMng==}
    peerDependencies:
      three: '>=0.125.0'
    dependencies:
      bidi-js: 1.0.3
      three: 0.145.0
      troika-three-utils: 0.47.2(three@0.145.0)
      troika-worker-utils: 0.47.2
      webgl-sdf-generator: 1.1.1
    dev: true

  /troika-three-utils@0.47.2(three@0.145.0):
    resolution: {integrity: sha512-/28plhCxfKtH7MSxEGx8e3b/OXU5A0xlwl+Sbdp0H8FXUHKZDoksduEKmjQayXYtxAyuUiCRunYIv/8Vi7aiyg==}
    peerDependencies:
      three: '>=0.125.0'
    dependencies:
      three: 0.145.0
    dev: true

  /troika-worker-utils@0.47.2:
    resolution: {integrity: sha512-mzss4MeyzUkYBppn4x5cdAqrhBHFEuVmMMgLMTyFV23x6GvQMyo+/R5E5Lsbrt7WSt5RfvewjcwD1DChRTA9lA==}
    dev: true

  /tweakpane@3.1.10:
    resolution: {integrity: sha512-rqwnl/pUa7+inhI2E9ayGTqqP0EPOOn/wVvSWjZsRbZUItzNShny7pzwL3hVlaN4m9t/aZhsP0aFQ9U5VVR2VQ==}
    dev: true

  /webgl-sdf-generator@1.1.1:
    resolution: {integrity: sha512-9Z0JcMTFxeE+b2x1LJTdnaT8rT8aEp7MVxkNwoycNmJWwPdzoXzMh0BjJSh/AEFP+KPYZUli814h8bJZFIZ2jA==}
    dev: true
