lockfileVersion: '6.0'

settings:
  autoInstallPeers: true
  excludeLinksFromLockfile: false

dependencies:
  dayjs:
    specifier: ^1.11.5
    version: 1.11.11
  three:
    specifier: ^0.145.0
    version: 0.145.0

devDependencies:
  '@types/three':
    specifier: ^0.144.0
    version: 0.144.0

packages:

  /@types/three@0.144.0:
    resolution: {integrity: sha512-psvEs6q5rLN50jUYZ3D4pZMfxTbdt3A243blt0my7/NcL6chaCZpHe2csbCtx0SOD9fI/XnF3wnVUAYZGqCSYg==}
    dependencies:
      '@types/webxr': 0.5.19
    dev: true

  /@types/webxr@0.5.19:
    resolution: {integrity: sha512-4hxA+NwohSgImdTSlPXEqDqqFktNgmTXQ05ff1uWam05tNGroCMp4G+4XVl6qWm1p7GQ/9oD41kAYsSssF6Mzw==}
    dev: true

  /dayjs@1.11.11:
    resolution: {integrity: sha512-okzr3f11N6WuqYtZSvm+F776mB41wRZMhKP+hc34YdW+KmtYYK9iqvHSwo2k9FEH3fhGXvOPV6yz2IcSrfRUDg==}
    dev: false

  /three@0.145.0:
    resolution: {integrity: sha512-EKoHQEtEJ4CB6b2BGMBgLZrfwLjXcSUfoI/MiIXUuRpeYsfK5aPWbYhdtIVWOH+x6X0TouldHKHBuc/LAiFzAw==}
    dev: false
