{
  "name": "00-parcel",
  "version": "1.0.0",
  "lockfileVersion": 2,
  "requires": true,
  "packages": {
    "": {
      "name": "00-parcel",
      "version": "1.0.0",
      "license": "ISC",
      "dependencies": {
        "dayjs": "^1.11.5",
        "three": "0.144.0",
        "three-perf": "^1.0.10"
      },
      "devDependencies": {
        "@types/three": "0.144.0"
      }
    },
    "node_modules/@types/three": {
      "version": "0.144.0",
      "resolved": "https://registry.npmjs.org/@types/three/-/three-0.144.0.tgz",
      "integrity": "sha512-psvEs6q5rLN50jUYZ3D4pZMfxTbdt3A243blt0my7/NcL6chaCZpHe2csbCtx0SOD9fI/XnF3wnVUAYZGqCSYg==",
      "dev": true,
      "dependencies": {
        "@types/webxr": "*"
      }
    },
    "node_modules/@types/webxr": {
      "version": "0.5.0",
      "resolved": "https://registry.npmjs.org/@types/webxr/-/webxr-0.5.0.tgz",
      "integrity": "sha512-IUMDPSXnYIbEO2IereEFcgcqfDREOgmbGqtrMpVPpACTU6pltYLwHgVkrnYv0XhWEcjio9sYEfIEzgn3c7nDqA==",
      "dev": true
    },
    "node_modules/bidi-js": {
      "version": "1.0.3",
      "resolved": "https://registry.npmjs.org/bidi-js/-/bidi-js-1.0.3.tgz",
      "integrity": "sha512-RKshQI1R3YQ+n9YJz2QQ147P66ELpa1FQEg20Dk8oW9t2KgLbpDLLp9aGZ7y8WHSshDknG0bknqGw5/tyCs5tw==",
      "dependencies": {
        "require-from-string": "^2.0.2"
      }
    },
    "node_modules/dayjs": {
      "version": "1.11.5",
      "resolved": "https://registry.npmjs.org/dayjs/-/dayjs-1.11.5.tgz",
      "integrity": "sha512-CAdX5Q3YW3Gclyo5Vpqkgpj8fSdLQcRuzfX6mC6Phy0nfJ0eGYOeS7m4mt2plDWLAtA4TqTakvbboHvUxfe4iA=="
    },
    "node_modules/require-from-string": {
      "version": "2.0.2",
      "resolved": "https://registry.npmjs.org/require-from-string/-/require-from-string-2.0.2.tgz",
      "integrity": "sha512-Xf0nWe6RseziFMu+Ap9biiUbmplq6S9/p+7w7YXP/JBHhrUDDUhwa+vANyubuqfZWTveU//DYVGsDG7RKL/vEw==",
      "engines": {
        "node": ">=0.10.0"
      }
    },
    "node_modules/three": {
      "version": "0.144.0",
      "resolved": "https://registry.npmjs.org/three/-/three-0.144.0.tgz",
      "integrity": "sha512-R8AXPuqfjfRJKkYoTQcTK7A6i3AdO9++2n8ubya/GTU+fEHhYKu1ZooRSCPkx69jbnzT7dD/xEo6eROQTt2lJw=="
    },
    "node_modules/three-perf": {
      "version": "1.0.10",
      "resolved": "https://registry.npmjs.org/three-perf/-/three-perf-1.0.10.tgz",
      "integrity": "sha512-lCur/i8U6m0ysWYhQ1yFGWOZB0QA2oVsDsfynYd65HhXxLxJfiAt8OsXmpv9PnTLacfaZclBcZHUOB9QKk3eaw==",
      "dependencies": {
        "troika-three-text": "^0.47.2",
        "tweakpane": "^3.1.10"
      },
      "peerDependencies": {
        "three": ">=0.151"
      }
    },
    "node_modules/troika-three-text": {
      "version": "0.47.2",
      "resolved": "https://registry.npmjs.org/troika-three-text/-/troika-three-text-0.47.2.tgz",
      "integrity": "sha512-qylT0F+U7xGs+/PEf3ujBdJMYWbn0Qci0kLqI5BJG2kW1wdg4T1XSxneypnF05DxFqJhEzuaOR9S2SjiyknMng==",
      "dependencies": {
        "bidi-js": "^1.0.2",
        "troika-three-utils": "^0.47.2",
        "troika-worker-utils": "^0.47.2",
        "webgl-sdf-generator": "1.1.1"
      },
      "peerDependencies": {
        "three": ">=0.125.0"
      }
    },
    "node_modules/troika-three-utils": {
      "version": "0.47.2",
      "resolved": "https://registry.npmjs.org/troika-three-utils/-/troika-three-utils-0.47.2.tgz",
      "integrity": "sha512-/28plhCxfKtH7MSxEGx8e3b/OXU5A0xlwl+Sbdp0H8FXUHKZDoksduEKmjQayXYtxAyuUiCRunYIv/8Vi7aiyg==",
      "peerDependencies": {
        "three": ">=0.125.0"
      }
    },
    "node_modules/troika-worker-utils": {
      "version": "0.47.2",
      "resolved": "https://registry.npmjs.org/troika-worker-utils/-/troika-worker-utils-0.47.2.tgz",
      "integrity": "sha512-mzss4MeyzUkYBppn4x5cdAqrhBHFEuVmMMgLMTyFV23x6GvQMyo+/R5E5Lsbrt7WSt5RfvewjcwD1DChRTA9lA=="
    },
    "node_modules/tweakpane": {
      "version": "3.1.10",
      "resolved": "https://registry.npmjs.org/tweakpane/-/tweakpane-3.1.10.tgz",
      "integrity": "sha512-rqwnl/pUa7+inhI2E9ayGTqqP0EPOOn/wVvSWjZsRbZUItzNShny7pzwL3hVlaN4m9t/aZhsP0aFQ9U5VVR2VQ==",
      "funding": {
        "url": "https://github.com/sponsors/cocopon"
      }
    },
    "node_modules/webgl-sdf-generator": {
      "version": "1.1.1",
      "resolved": "https://registry.npmjs.org/webgl-sdf-generator/-/webgl-sdf-generator-1.1.1.tgz",
      "integrity": "sha512-9Z0JcMTFxeE+b2x1LJTdnaT8rT8aEp7MVxkNwoycNmJWwPdzoXzMh0BjJSh/AEFP+KPYZUli814h8bJZFIZ2jA=="
    }
  },
  "dependencies": {
    "@types/three": {
      "version": "0.144.0",
      "resolved": "https://registry.npmjs.org/@types/three/-/three-0.144.0.tgz",
      "integrity": "sha512-psvEs6q5rLN50jUYZ3D4pZMfxTbdt3A243blt0my7/NcL6chaCZpHe2csbCtx0SOD9fI/XnF3wnVUAYZGqCSYg==",
      "dev": true,
      "requires": {
        "@types/webxr": "*"
      }
    },
    "@types/webxr": {
      "version": "0.5.0",
      "resolved": "https://registry.npmjs.org/@types/webxr/-/webxr-0.5.0.tgz",
      "integrity": "sha512-IUMDPSXnYIbEO2IereEFcgcqfDREOgmbGqtrMpVPpACTU6pltYLwHgVkrnYv0XhWEcjio9sYEfIEzgn3c7nDqA==",
      "dev": true
    },
    "bidi-js": {
      "version": "1.0.3",
      "resolved": "https://registry.npmjs.org/bidi-js/-/bidi-js-1.0.3.tgz",
      "integrity": "sha512-RKshQI1R3YQ+n9YJz2QQ147P66ELpa1FQEg20Dk8oW9t2KgLbpDLLp9aGZ7y8WHSshDknG0bknqGw5/tyCs5tw==",
      "requires": {
        "require-from-string": "^2.0.2"
      }
    },
    "dayjs": {
      "version": "1.11.5",
      "resolved": "https://registry.npmjs.org/dayjs/-/dayjs-1.11.5.tgz",
      "integrity": "sha512-CAdX5Q3YW3Gclyo5Vpqkgpj8fSdLQcRuzfX6mC6Phy0nfJ0eGYOeS7m4mt2plDWLAtA4TqTakvbboHvUxfe4iA=="
    },
    "require-from-string": {
      "version": "2.0.2",
      "resolved": "https://registry.npmjs.org/require-from-string/-/require-from-string-2.0.2.tgz",
      "integrity": "sha512-Xf0nWe6RseziFMu+Ap9biiUbmplq6S9/p+7w7YXP/JBHhrUDDUhwa+vANyubuqfZWTveU//DYVGsDG7RKL/vEw=="
    },
    "three": {
      "version": "0.144.0",
      "resolved": "https://registry.npmjs.org/three/-/three-0.144.0.tgz",
      "integrity": "sha512-R8AXPuqfjfRJKkYoTQcTK7A6i3AdO9++2n8ubya/GTU+fEHhYKu1ZooRSCPkx69jbnzT7dD/xEo6eROQTt2lJw=="
    },
    "three-perf": {
      "version": "1.0.10",
      "resolved": "https://registry.npmjs.org/three-perf/-/three-perf-1.0.10.tgz",
      "integrity": "sha512-lCur/i8U6m0ysWYhQ1yFGWOZB0QA2oVsDsfynYd65HhXxLxJfiAt8OsXmpv9PnTLacfaZclBcZHUOB9QKk3eaw==",
      "requires": {
        "troika-three-text": "^0.47.2",
        "tweakpane": "^3.1.10"
      }
    },
    "troika-three-text": {
      "version": "0.47.2",
      "resolved": "https://registry.npmjs.org/troika-three-text/-/troika-three-text-0.47.2.tgz",
      "integrity": "sha512-qylT0F+U7xGs+/PEf3ujBdJMYWbn0Qci0kLqI5BJG2kW1wdg4T1XSxneypnF05DxFqJhEzuaOR9S2SjiyknMng==",
      "requires": {
        "bidi-js": "^1.0.2",
        "troika-three-utils": "^0.47.2",
        "troika-worker-utils": "^0.47.2",
        "webgl-sdf-generator": "1.1.1"
      }
    },
    "troika-three-utils": {
      "version": "0.47.2",
      "resolved": "https://registry.npmjs.org/troika-three-utils/-/troika-three-utils-0.47.2.tgz",
      "integrity": "sha512-/28plhCxfKtH7MSxEGx8e3b/OXU5A0xlwl+Sbdp0H8FXUHKZDoksduEKmjQayXYtxAyuUiCRunYIv/8Vi7aiyg==",
      "requires": {}
    },
    "troika-worker-utils": {
      "version": "0.47.2",
      "resolved": "https://registry.npmjs.org/troika-worker-utils/-/troika-worker-utils-0.47.2.tgz",
      "integrity": "sha512-mzss4MeyzUkYBppn4x5cdAqrhBHFEuVmMMgLMTyFV23x6GvQMyo+/R5E5Lsbrt7WSt5RfvewjcwD1DChRTA9lA=="
    },
    "tweakpane": {
      "version": "3.1.10",
      "resolved": "https://registry.npmjs.org/tweakpane/-/tweakpane-3.1.10.tgz",
      "integrity": "sha512-rqwnl/pUa7+inhI2E9ayGTqqP0EPOOn/wVvSWjZsRbZUItzNShny7pzwL3hVlaN4m9t/aZhsP0aFQ9U5VVR2VQ=="
    },
    "webgl-sdf-generator": {
      "version": "1.1.1",
      "resolved": "https://registry.npmjs.org/webgl-sdf-generator/-/webgl-sdf-generator-1.1.1.tgz",
      "integrity": "sha512-9Z0JcMTFxeE+b2x1LJTdnaT8rT8aEp7MVxkNwoycNmJWwPdzoXzMh0BjJSh/AEFP+KPYZUli814h8bJZFIZ2jA=="
    }
  }
}
