{
  "name": "22-11-25-geometric",
  "version": "1.0.0",
  "lockfileVersion": 2,
  "requires": true,
  "packages": {
    "": {
      "name": "22-11-25-geometric",
      "version": "1.0.0",
      "license": "ISC",
      "dependencies": {
        "geometric": "^2.5.0"
      },
      "devDependencies": {
        "@types/geometric": "^2.2.0"
      }
    },
    "node_modules/@types/geometric": {
      "version": "2.2.0",
      "resolved": "https://registry.npmjs.org/@types/geometric/-/geometric-2.2.0.tgz",
      "integrity": "sha512-P62sgDbQaNlNBMM4N9ym2+OmFXyKUn4gE3AKdOtRvV5T8ifYaJTzlSoOR62qUdZma7sFrBGJ1HCYbLy7hPXOsA==",
      "dev": true
    },
    "node_modules/geometric": {
      "version": "2.5.0",
      "resolved": "https://registry.npmjs.org/geometric/-/geometric-2.5.0.tgz",
      "integrity": "sha512-lesHX2IgvIJtXz7EU9uq/KZxROWIRTEIRb08H3mg+TT4GT90XzNBKbNVtxK7pxn7RFd4wLyzI8AjkVleYdvQlQ=="
    }
  },
  "dependencies": {
    "@types/geometric": {
      "version": "2.2.0",
      "resolved": "https://registry.npmjs.org/@types/geometric/-/geometric-2.2.0.tgz",
      "integrity": "sha512-P62sgDbQaNlNBMM4N9ym2+OmFXyKUn4gE3AKdOtRvV5T8ifYaJTzlSoOR62qUdZma7sFrBGJ1HCYbLy7hPXOsA==",
      "dev": true
    },
    "geometric": {
      "version": "2.5.0",
      "resolved": "https://registry.npmjs.org/geometric/-/geometric-2.5.0.tgz",
      "integrity": "sha512-lesHX2IgvIJtXz7EU9uq/KZxROWIRTEIRb08H3mg+TT4GT90XzNBKbNVtxK7pxn7RFd4wLyzI8AjkVleYdvQlQ=="
    }
  }
}
